
Microsoft Visual Studio Solution File, Format Version 12.00
# Visual Studio Version 16
VisualStudioVersion = 16.0.30011.22
MinimumVisualStudioVersion = 15.0.26124.0
Project("{9A19103F-16F7-4668-BE54-9A1E7A4F7556}") = "UWA.UserApi", "UWA.UserApi\UWA.UserApi.csproj", "{CD85C8C4-B3D2-4FAF-B50C-B0C56E9A7EFA}"
EndProject
Project("{FAE04EC0-301F-11D3-BF4B-00C04F79EFBC}") = "UWA.Infrastructure", "UWA.Infrastructure\UWA.Infrastructure.csproj", "{4531076C-580A-4F4A-AD54-9A01D27FA5A0}"
EndProject
Global
	GlobalSection(SolutionConfigurationPlatforms) = preSolution
		Debug|Any CPU = Debug|Any CPU
		Debug|x64 = Debug|x64
		Debug|x86 = Debug|x86
		Release|Any CPU = Release|Any CPU
		Release|x64 = Release|x64
		Release|x86 = Release|x86
	EndGlobalSection
	GlobalSection(ProjectConfigurationPlatforms) = postSolution
		{CD85C8C4-B3D2-4FAF-B50C-B0C56E9A7EFA}.Debug|Any CPU.ActiveCfg = Debug|Any CPU
		{CD85C8C4-B3D2-4FAF-B50C-B0C56E9A7EFA}.Debug|Any CPU.Build.0 = Debug|Any CPU
		{CD85C8C4-B3D2-4FAF-B50C-B0C56E9A7EFA}.Debug|x64.ActiveCfg = Debug|Any CPU
		{CD85C8C4-B3D2-4FAF-B50C-B0C56E9A7EFA}.Debug|x64.Build.0 = Debug|Any CPU
		{CD85C8C4-B3D2-4FAF-B50C-B0C56E9A7EFA}.Debug|x86.ActiveCfg = Debug|Any CPU
		{CD85C8C4-B3D2-4FAF-B50C-B0C56E9A7EFA}.Debug|x86.Build.0 = Debug|Any CPU
		{CD85C8C4-B3D2-4FAF-B50C-B0C56E9A7EFA}.Release|Any CPU.ActiveCfg = Release|Any CPU
		{CD85C8C4-B3D2-4FAF-B50C-B0C56E9A7EFA}.Release|Any CPU.Build.0 = Release|Any CPU
		{CD85C8C4-B3D2-4FAF-B50C-B0C56E9A7EFA}.Release|x64.ActiveCfg = Release|Any CPU
		{CD85C8C4-B3D2-4FAF-B50C-B0C56E9A7EFA}.Release|x64.Build.0 = Release|Any CPU
		{CD85C8C4-B3D2-4FAF-B50C-B0C56E9A7EFA}.Release|x86.ActiveCfg = Release|Any CPU
		{CD85C8C4-B3D2-4FAF-B50C-B0C56E9A7EFA}.Release|x86.Build.0 = Release|Any CPU
		{4531076C-580A-4F4A-AD54-9A01D27FA5A0}.Debug|Any CPU.ActiveCfg = Debug|Any CPU
		{4531076C-580A-4F4A-AD54-9A01D27FA5A0}.Debug|Any CPU.Build.0 = Debug|Any CPU
		{4531076C-580A-4F4A-AD54-9A01D27FA5A0}.Debug|x64.ActiveCfg = Debug|Any CPU
		{4531076C-580A-4F4A-AD54-9A01D27FA5A0}.Debug|x64.Build.0 = Debug|Any CPU
		{4531076C-580A-4F4A-AD54-9A01D27FA5A0}.Debug|x86.ActiveCfg = Debug|Any CPU
		{4531076C-580A-4F4A-AD54-9A01D27FA5A0}.Debug|x86.Build.0 = Debug|Any CPU
		{4531076C-580A-4F4A-AD54-9A01D27FA5A0}.Release|Any CPU.ActiveCfg = Release|Any CPU
		{4531076C-580A-4F4A-AD54-9A01D27FA5A0}.Release|Any CPU.Build.0 = Release|Any CPU
		{4531076C-580A-4F4A-AD54-9A01D27FA5A0}.Release|x64.ActiveCfg = Release|Any CPU
		{4531076C-580A-4F4A-AD54-9A01D27FA5A0}.Release|x64.Build.0 = Release|Any CPU
		{4531076C-580A-4F4A-AD54-9A01D27FA5A0}.Release|x86.ActiveCfg = Release|Any CPU
		{4531076C-580A-4F4A-AD54-9A01D27FA5A0}.Release|x86.Build.0 = Release|Any CPU
	EndGlobalSection
	GlobalSection(SolutionProperties) = preSolution
		HideSolutionNode = FALSE
	EndGlobalSection
	GlobalSection(ExtensibilityGlobals) = postSolution
		SolutionGuid = {BE6C8BAA-CFAF-44A2-8356-975FF45E663F}
	EndGlobalSection
EndGlobal
