
Microsoft Visual Studio Solution File, Format Version 12.00
# Visual Studio 15
VisualStudioVersion = 15.0.26124.0
MinimumVisualStudioVersion = 15.0.26124.0
Project("{FAE04EC0-301F-11D3-BF4B-00C04F79EFBC}") = "SS.Application", "src\SS.Application\SS.Application.csproj", "{4CC08CF2-029F-4A38-AA30-E8E90CCECD52}"
EndProject
Project("{FAE04EC0-301F-11D3-BF4B-00C04F79EFBC}") = "SS.Domain", "src\SS.Domain\SS.Domain.csproj", "{BD8F286B-E65F-485A-8BE7-B4D314EA2CAA}"
EndProject
Project("{FAE04EC0-301F-11D3-BF4B-00C04F79EFBC}") = "SS.Infrastructure", "src\SS.Infrastructure\SS.Infrastructure.csproj", "{147A2DED-0F50-4D3C-A618-1E4672B7A03B}"
EndProject
Project("{FAE04EC0-301F-11D3-BF4B-00C04F79EFBC}") = "SS.Persistence", "src\SS.Persistence\SS.Persistence.csproj", "{0FA08843-93E4-486B-82A2-6538D15F32C1}"
EndProject
Project("{FAE04EC0-301F-11D3-BF4B-00C04F79EFBC}") = "SS.Web", "src\SS.WebAPI\SS.Web.csproj", "{1BDDBEF0-DCB1-44EE-9315-C9AE60183F9E}"
EndProject
Global
	GlobalSection(SolutionConfigurationPlatforms) = preSolution
		Debug|Any CPU = Debug|Any CPU
		Debug|x64 = Debug|x64
		Debug|x86 = Debug|x86
		Release|Any CPU = Release|Any CPU
		Release|x64 = Release|x64
		Release|x86 = Release|x86
	EndGlobalSection
	GlobalSection(SolutionProperties) = preSolution
		HideSolutionNode = FALSE
	EndGlobalSection
	GlobalSection(ProjectConfigurationPlatforms) = postSolution
		{4CC08CF2-029F-4A38-AA30-E8E90CCECD52}.Debug|Any CPU.ActiveCfg = Debug|Any CPU
		{4CC08CF2-029F-4A38-AA30-E8E90CCECD52}.Debug|Any CPU.Build.0 = Debug|Any CPU
		{4CC08CF2-029F-4A38-AA30-E8E90CCECD52}.Debug|x64.ActiveCfg = Debug|Any CPU
		{4CC08CF2-029F-4A38-AA30-E8E90CCECD52}.Debug|x64.Build.0 = Debug|Any CPU
		{4CC08CF2-029F-4A38-AA30-E8E90CCECD52}.Debug|x86.ActiveCfg = Debug|Any CPU
		{4CC08CF2-029F-4A38-AA30-E8E90CCECD52}.Debug|x86.Build.0 = Debug|Any CPU
		{4CC08CF2-029F-4A38-AA30-E8E90CCECD52}.Release|Any CPU.ActiveCfg = Release|Any CPU
		{4CC08CF2-029F-4A38-AA30-E8E90CCECD52}.Release|Any CPU.Build.0 = Release|Any CPU
		{4CC08CF2-029F-4A38-AA30-E8E90CCECD52}.Release|x64.ActiveCfg = Release|Any CPU
		{4CC08CF2-029F-4A38-AA30-E8E90CCECD52}.Release|x64.Build.0 = Release|Any CPU
		{4CC08CF2-029F-4A38-AA30-E8E90CCECD52}.Release|x86.ActiveCfg = Release|Any CPU
		{4CC08CF2-029F-4A38-AA30-E8E90CCECD52}.Release|x86.Build.0 = Release|Any CPU
		{BD8F286B-E65F-485A-8BE7-B4D314EA2CAA}.Debug|Any CPU.ActiveCfg = Debug|Any CPU
		{BD8F286B-E65F-485A-8BE7-B4D314EA2CAA}.Debug|Any CPU.Build.0 = Debug|Any CPU
		{BD8F286B-E65F-485A-8BE7-B4D314EA2CAA}.Debug|x64.ActiveCfg = Debug|Any CPU
		{BD8F286B-E65F-485A-8BE7-B4D314EA2CAA}.Debug|x64.Build.0 = Debug|Any CPU
		{BD8F286B-E65F-485A-8BE7-B4D314EA2CAA}.Debug|x86.ActiveCfg = Debug|Any CPU
		{BD8F286B-E65F-485A-8BE7-B4D314EA2CAA}.Debug|x86.Build.0 = Debug|Any CPU
		{BD8F286B-E65F-485A-8BE7-B4D314EA2CAA}.Release|Any CPU.ActiveCfg = Release|Any CPU
		{BD8F286B-E65F-485A-8BE7-B4D314EA2CAA}.Release|Any CPU.Build.0 = Release|Any CPU
		{BD8F286B-E65F-485A-8BE7-B4D314EA2CAA}.Release|x64.ActiveCfg = Release|Any CPU
		{BD8F286B-E65F-485A-8BE7-B4D314EA2CAA}.Release|x64.Build.0 = Release|Any CPU
		{BD8F286B-E65F-485A-8BE7-B4D314EA2CAA}.Release|x86.ActiveCfg = Release|Any CPU
		{BD8F286B-E65F-485A-8BE7-B4D314EA2CAA}.Release|x86.Build.0 = Release|Any CPU
		{147A2DED-0F50-4D3C-A618-1E4672B7A03B}.Debug|Any CPU.ActiveCfg = Debug|Any CPU
		{147A2DED-0F50-4D3C-A618-1E4672B7A03B}.Debug|Any CPU.Build.0 = Debug|Any CPU
		{147A2DED-0F50-4D3C-A618-1E4672B7A03B}.Debug|x64.ActiveCfg = Debug|Any CPU
		{147A2DED-0F50-4D3C-A618-1E4672B7A03B}.Debug|x64.Build.0 = Debug|Any CPU
		{147A2DED-0F50-4D3C-A618-1E4672B7A03B}.Debug|x86.ActiveCfg = Debug|Any CPU
		{147A2DED-0F50-4D3C-A618-1E4672B7A03B}.Debug|x86.Build.0 = Debug|Any CPU
		{147A2DED-0F50-4D3C-A618-1E4672B7A03B}.Release|Any CPU.ActiveCfg = Release|Any CPU
		{147A2DED-0F50-4D3C-A618-1E4672B7A03B}.Release|Any CPU.Build.0 = Release|Any CPU
		{147A2DED-0F50-4D3C-A618-1E4672B7A03B}.Release|x64.ActiveCfg = Release|Any CPU
		{147A2DED-0F50-4D3C-A618-1E4672B7A03B}.Release|x64.Build.0 = Release|Any CPU
		{147A2DED-0F50-4D3C-A618-1E4672B7A03B}.Release|x86.ActiveCfg = Release|Any CPU
		{147A2DED-0F50-4D3C-A618-1E4672B7A03B}.Release|x86.Build.0 = Release|Any CPU
		{0FA08843-93E4-486B-82A2-6538D15F32C1}.Debug|Any CPU.ActiveCfg = Debug|Any CPU
		{0FA08843-93E4-486B-82A2-6538D15F32C1}.Debug|Any CPU.Build.0 = Debug|Any CPU
		{0FA08843-93E4-486B-82A2-6538D15F32C1}.Debug|x64.ActiveCfg = Debug|Any CPU
		{0FA08843-93E4-486B-82A2-6538D15F32C1}.Debug|x64.Build.0 = Debug|Any CPU
		{0FA08843-93E4-486B-82A2-6538D15F32C1}.Debug|x86.ActiveCfg = Debug|Any CPU
		{0FA08843-93E4-486B-82A2-6538D15F32C1}.Debug|x86.Build.0 = Debug|Any CPU
		{0FA08843-93E4-486B-82A2-6538D15F32C1}.Release|Any CPU.ActiveCfg = Release|Any CPU
		{0FA08843-93E4-486B-82A2-6538D15F32C1}.Release|Any CPU.Build.0 = Release|Any CPU
		{0FA08843-93E4-486B-82A2-6538D15F32C1}.Release|x64.ActiveCfg = Release|Any CPU
		{0FA08843-93E4-486B-82A2-6538D15F32C1}.Release|x64.Build.0 = Release|Any CPU
		{0FA08843-93E4-486B-82A2-6538D15F32C1}.Release|x86.ActiveCfg = Release|Any CPU
		{0FA08843-93E4-486B-82A2-6538D15F32C1}.Release|x86.Build.0 = Release|Any CPU
		{1BDDBEF0-DCB1-44EE-9315-C9AE60183F9E}.Debug|Any CPU.ActiveCfg = Debug|Any CPU
		{1BDDBEF0-DCB1-44EE-9315-C9AE60183F9E}.Debug|Any CPU.Build.0 = Debug|Any CPU
		{1BDDBEF0-DCB1-44EE-9315-C9AE60183F9E}.Debug|x64.ActiveCfg = Debug|Any CPU
		{1BDDBEF0-DCB1-44EE-9315-C9AE60183F9E}.Debug|x64.Build.0 = Debug|Any CPU
		{1BDDBEF0-DCB1-44EE-9315-C9AE60183F9E}.Debug|x86.ActiveCfg = Debug|Any CPU
		{1BDDBEF0-DCB1-44EE-9315-C9AE60183F9E}.Debug|x86.Build.0 = Debug|Any CPU
		{1BDDBEF0-DCB1-44EE-9315-C9AE60183F9E}.Release|Any CPU.ActiveCfg = Release|Any CPU
		{1BDDBEF0-DCB1-44EE-9315-C9AE60183F9E}.Release|Any CPU.Build.0 = Release|Any CPU
		{1BDDBEF0-DCB1-44EE-9315-C9AE60183F9E}.Release|x64.ActiveCfg = Release|Any CPU
		{1BDDBEF0-DCB1-44EE-9315-C9AE60183F9E}.Release|x64.Build.0 = Release|Any CPU
		{1BDDBEF0-DCB1-44EE-9315-C9AE60183F9E}.Release|x86.ActiveCfg = Release|Any CPU
		{1BDDBEF0-DCB1-44EE-9315-C9AE60183F9E}.Release|x86.Build.0 = Release|Any CPU
	EndGlobalSection
EndGlobal
