
Microsoft Visual Studio Solution File, Format Version 12.00
# Visual Studio Version 16
VisualStudioVersion = 16.0.30114.105
MinimumVisualStudioVersion = 15.0.26124.0
Project("{9A19103F-16F7-4668-BE54-9A1E7A4F7556}") = "SS.Application", "src\SS.Application\SS.Application.csproj", "{DA12C125-4133-4BEC-86D4-B66C355A5AEE}"
EndProject
Project("{9A19103F-16F7-4668-BE54-9A1E7A4F7556}") = "SS.DAL.SqlServer", "src\SS.DAL.SqlServer\SS.DAL.SqlServer.csproj", "{1449C90A-0617-4BD0-9AE0-7627C87A1BC4}"
EndProject
Project("{9A19103F-16F7-4668-BE54-9A1E7A4F7556}") = "SS.Domain", "src\SS.Domain\SS.Domain.csproj", "{D9C509F7-9D77-464F-8021-F7E43CDCF6B6}"
EndProject
Project("{9A19103F-16F7-4668-BE54-9A1E7A4F7556}") = "SS.Infrastructure", "src\SS.Infrastructure\SS.Infrastructure.csproj", "{602E39B8-34DC-4B5E-8349-8F75B69D2F77}"
EndProject
Project("{2150E333-8FDC-42A3-9474-1A3956D46DE8}") = "Core", "Core", "{FB7ED7E5-CB01-4AB9-A256-3AC0F524D565}"
EndProject
Project("{2150E333-8FDC-42A3-9474-1A3956D46DE8}") = "Infrastructure", "Infrastructure", "{E6A69033-D7D0-4562-B726-FB97504702E7}"
EndProject
Project("{2150E333-8FDC-42A3-9474-1A3956D46DE8}") = "Presentations", "Presentations", "{074B8F41-191B-4964-800A-0B4F81F6A46A}"
EndProject
Project("{2150E333-8FDC-42A3-9474-1A3956D46DE8}") = "BackEnds", "BackEnds", "{49619E70-EE01-4DC7-BFAF-0EF3E85B610E}"
EndProject
Project("{9A19103F-16F7-4668-BE54-9A1E7A4F7556}") = "SS.IdentityServer", "src\SS.IdentityServer\SS.IdentityServer.csproj", "{0D21E40B-EE93-47F2-971A-E64C6F70C94C}"
EndProject
Project("{FAE04EC0-301F-11D3-BF4B-00C04F79EFBC}") = "SS.WebAPI", "src\SS.WebAPI\SS.WebAPI.csproj", "{781D318B-D2ED-41A4-A885-DB2F7E7FDEDA}"
EndProject
Global
	GlobalSection(SolutionConfigurationPlatforms) = preSolution
		Debug|Any CPU = Debug|Any CPU
		Debug|x64 = Debug|x64
		Debug|x86 = Debug|x86
		Release|Any CPU = Release|Any CPU
		Release|x64 = Release|x64
		Release|x86 = Release|x86
	EndGlobalSection
	GlobalSection(ProjectConfigurationPlatforms) = postSolution
		{DA12C125-4133-4BEC-86D4-B66C355A5AEE}.Debug|Any CPU.ActiveCfg = Debug|Any CPU
		{DA12C125-4133-4BEC-86D4-B66C355A5AEE}.Debug|Any CPU.Build.0 = Debug|Any CPU
		{DA12C125-4133-4BEC-86D4-B66C355A5AEE}.Debug|x64.ActiveCfg = Debug|Any CPU
		{DA12C125-4133-4BEC-86D4-B66C355A5AEE}.Debug|x64.Build.0 = Debug|Any CPU
		{DA12C125-4133-4BEC-86D4-B66C355A5AEE}.Debug|x86.ActiveCfg = Debug|Any CPU
		{DA12C125-4133-4BEC-86D4-B66C355A5AEE}.Debug|x86.Build.0 = Debug|Any CPU
		{DA12C125-4133-4BEC-86D4-B66C355A5AEE}.Release|Any CPU.ActiveCfg = Release|Any CPU
		{DA12C125-4133-4BEC-86D4-B66C355A5AEE}.Release|Any CPU.Build.0 = Release|Any CPU
		{DA12C125-4133-4BEC-86D4-B66C355A5AEE}.Release|x64.ActiveCfg = Release|Any CPU
		{DA12C125-4133-4BEC-86D4-B66C355A5AEE}.Release|x64.Build.0 = Release|Any CPU
		{DA12C125-4133-4BEC-86D4-B66C355A5AEE}.Release|x86.ActiveCfg = Release|Any CPU
		{DA12C125-4133-4BEC-86D4-B66C355A5AEE}.Release|x86.Build.0 = Release|Any CPU
		{1449C90A-0617-4BD0-9AE0-7627C87A1BC4}.Debug|Any CPU.ActiveCfg = Debug|Any CPU
		{1449C90A-0617-4BD0-9AE0-7627C87A1BC4}.Debug|Any CPU.Build.0 = Debug|Any CPU
		{1449C90A-0617-4BD0-9AE0-7627C87A1BC4}.Debug|x64.ActiveCfg = Debug|Any CPU
		{1449C90A-0617-4BD0-9AE0-7627C87A1BC4}.Debug|x64.Build.0 = Debug|Any CPU
		{1449C90A-0617-4BD0-9AE0-7627C87A1BC4}.Debug|x86.ActiveCfg = Debug|Any CPU
		{1449C90A-0617-4BD0-9AE0-7627C87A1BC4}.Debug|x86.Build.0 = Debug|Any CPU
		{1449C90A-0617-4BD0-9AE0-7627C87A1BC4}.Release|Any CPU.ActiveCfg = Release|Any CPU
		{1449C90A-0617-4BD0-9AE0-7627C87A1BC4}.Release|Any CPU.Build.0 = Release|Any CPU
		{1449C90A-0617-4BD0-9AE0-7627C87A1BC4}.Release|x64.ActiveCfg = Release|Any CPU
		{1449C90A-0617-4BD0-9AE0-7627C87A1BC4}.Release|x64.Build.0 = Release|Any CPU
		{1449C90A-0617-4BD0-9AE0-7627C87A1BC4}.Release|x86.ActiveCfg = Release|Any CPU
		{1449C90A-0617-4BD0-9AE0-7627C87A1BC4}.Release|x86.Build.0 = Release|Any CPU
		{D9C509F7-9D77-464F-8021-F7E43CDCF6B6}.Debug|Any CPU.ActiveCfg = Debug|Any CPU
		{D9C509F7-9D77-464F-8021-F7E43CDCF6B6}.Debug|Any CPU.Build.0 = Debug|Any CPU
		{D9C509F7-9D77-464F-8021-F7E43CDCF6B6}.Debug|x64.ActiveCfg = Debug|Any CPU
		{D9C509F7-9D77-464F-8021-F7E43CDCF6B6}.Debug|x64.Build.0 = Debug|Any CPU
		{D9C509F7-9D77-464F-8021-F7E43CDCF6B6}.Debug|x86.ActiveCfg = Debug|Any CPU
		{D9C509F7-9D77-464F-8021-F7E43CDCF6B6}.Debug|x86.Build.0 = Debug|Any CPU
		{D9C509F7-9D77-464F-8021-F7E43CDCF6B6}.Release|Any CPU.ActiveCfg = Release|Any CPU
		{D9C509F7-9D77-464F-8021-F7E43CDCF6B6}.Release|Any CPU.Build.0 = Release|Any CPU
		{D9C509F7-9D77-464F-8021-F7E43CDCF6B6}.Release|x64.ActiveCfg = Release|Any CPU
		{D9C509F7-9D77-464F-8021-F7E43CDCF6B6}.Release|x64.Build.0 = Release|Any CPU
		{D9C509F7-9D77-464F-8021-F7E43CDCF6B6}.Release|x86.ActiveCfg = Release|Any CPU
		{D9C509F7-9D77-464F-8021-F7E43CDCF6B6}.Release|x86.Build.0 = Release|Any CPU
		{602E39B8-34DC-4B5E-8349-8F75B69D2F77}.Debug|Any CPU.ActiveCfg = Debug|Any CPU
		{602E39B8-34DC-4B5E-8349-8F75B69D2F77}.Debug|Any CPU.Build.0 = Debug|Any CPU
		{602E39B8-34DC-4B5E-8349-8F75B69D2F77}.Debug|x64.ActiveCfg = Debug|Any CPU
		{602E39B8-34DC-4B5E-8349-8F75B69D2F77}.Debug|x64.Build.0 = Debug|Any CPU
		{602E39B8-34DC-4B5E-8349-8F75B69D2F77}.Debug|x86.ActiveCfg = Debug|Any CPU
		{602E39B8-34DC-4B5E-8349-8F75B69D2F77}.Debug|x86.Build.0 = Debug|Any CPU
		{602E39B8-34DC-4B5E-8349-8F75B69D2F77}.Release|Any CPU.ActiveCfg = Release|Any CPU
		{602E39B8-34DC-4B5E-8349-8F75B69D2F77}.Release|Any CPU.Build.0 = Release|Any CPU
		{602E39B8-34DC-4B5E-8349-8F75B69D2F77}.Release|x64.ActiveCfg = Release|Any CPU
		{602E39B8-34DC-4B5E-8349-8F75B69D2F77}.Release|x64.Build.0 = Release|Any CPU
		{602E39B8-34DC-4B5E-8349-8F75B69D2F77}.Release|x86.ActiveCfg = Release|Any CPU
		{602E39B8-34DC-4B5E-8349-8F75B69D2F77}.Release|x86.Build.0 = Release|Any CPU
		{0D21E40B-EE93-47F2-971A-E64C6F70C94C}.Debug|Any CPU.ActiveCfg = Debug|Any CPU
		{0D21E40B-EE93-47F2-971A-E64C6F70C94C}.Debug|Any CPU.Build.0 = Debug|Any CPU
		{0D21E40B-EE93-47F2-971A-E64C6F70C94C}.Debug|x64.ActiveCfg = Debug|Any CPU
		{0D21E40B-EE93-47F2-971A-E64C6F70C94C}.Debug|x64.Build.0 = Debug|Any CPU
		{0D21E40B-EE93-47F2-971A-E64C6F70C94C}.Debug|x86.ActiveCfg = Debug|Any CPU
		{0D21E40B-EE93-47F2-971A-E64C6F70C94C}.Debug|x86.Build.0 = Debug|Any CPU
		{0D21E40B-EE93-47F2-971A-E64C6F70C94C}.Release|Any CPU.ActiveCfg = Release|Any CPU
		{0D21E40B-EE93-47F2-971A-E64C6F70C94C}.Release|Any CPU.Build.0 = Release|Any CPU
		{0D21E40B-EE93-47F2-971A-E64C6F70C94C}.Release|x64.ActiveCfg = Release|Any CPU
		{0D21E40B-EE93-47F2-971A-E64C6F70C94C}.Release|x64.Build.0 = Release|Any CPU
		{0D21E40B-EE93-47F2-971A-E64C6F70C94C}.Release|x86.ActiveCfg = Release|Any CPU
		{0D21E40B-EE93-47F2-971A-E64C6F70C94C}.Release|x86.Build.0 = Release|Any CPU
		{781D318B-D2ED-41A4-A885-DB2F7E7FDEDA}.Debug|Any CPU.ActiveCfg = Debug|Any CPU
		{781D318B-D2ED-41A4-A885-DB2F7E7FDEDA}.Debug|Any CPU.Build.0 = Debug|Any CPU
		{781D318B-D2ED-41A4-A885-DB2F7E7FDEDA}.Debug|x64.ActiveCfg = Debug|Any CPU
		{781D318B-D2ED-41A4-A885-DB2F7E7FDEDA}.Debug|x64.Build.0 = Debug|Any CPU
		{781D318B-D2ED-41A4-A885-DB2F7E7FDEDA}.Debug|x86.ActiveCfg = Debug|Any CPU
		{781D318B-D2ED-41A4-A885-DB2F7E7FDEDA}.Debug|x86.Build.0 = Debug|Any CPU
		{781D318B-D2ED-41A4-A885-DB2F7E7FDEDA}.Release|Any CPU.ActiveCfg = Release|Any CPU
		{781D318B-D2ED-41A4-A885-DB2F7E7FDEDA}.Release|Any CPU.Build.0 = Release|Any CPU
		{781D318B-D2ED-41A4-A885-DB2F7E7FDEDA}.Release|x64.ActiveCfg = Release|Any CPU
		{781D318B-D2ED-41A4-A885-DB2F7E7FDEDA}.Release|x64.Build.0 = Release|Any CPU
		{781D318B-D2ED-41A4-A885-DB2F7E7FDEDA}.Release|x86.ActiveCfg = Release|Any CPU
		{781D318B-D2ED-41A4-A885-DB2F7E7FDEDA}.Release|x86.Build.0 = Release|Any CPU
	EndGlobalSection
	GlobalSection(SolutionProperties) = preSolution
		HideSolutionNode = FALSE
	EndGlobalSection
	GlobalSection(NestedProjects) = preSolution
		{DA12C125-4133-4BEC-86D4-B66C355A5AEE} = {FB7ED7E5-CB01-4AB9-A256-3AC0F524D565}
		{1449C90A-0617-4BD0-9AE0-7627C87A1BC4} = {E6A69033-D7D0-4562-B726-FB97504702E7}
		{D9C509F7-9D77-464F-8021-F7E43CDCF6B6} = {FB7ED7E5-CB01-4AB9-A256-3AC0F524D565}
		{602E39B8-34DC-4B5E-8349-8F75B69D2F77} = {E6A69033-D7D0-4562-B726-FB97504702E7}
		{49619E70-EE01-4DC7-BFAF-0EF3E85B610E} = {074B8F41-191B-4964-800A-0B4F81F6A46A}
		{0D21E40B-EE93-47F2-971A-E64C6F70C94C} = {49619E70-EE01-4DC7-BFAF-0EF3E85B610E}
		{781D318B-D2ED-41A4-A885-DB2F7E7FDEDA} = {49619E70-EE01-4DC7-BFAF-0EF3E85B610E}
	EndGlobalSection
	GlobalSection(ExtensibilityGlobals) = postSolution
		SolutionGuid = {C322ADF8-6BE6-4F0B-8418-7561FF825FA8}
	EndGlobalSection
EndGlobal
